{
  "version": 4,
  "terraform_version": "1.10.5",
  "serial": 14,
  "lineage": "1bd34b44-1f0b-0491-5edd-a70415866b23",
  "outputs": {
    "public_ip": {
      "value": "172.202.24.121",
      "type": "string"
    },
    "ssh_command": {
      "value": "ssh -i ~/.ssh/id_rsa azureuser@172.202.24.121",
      "type": "string"
    },
    "vm_id": {
      "value": "/subscriptions/ccd1456e-ce94-472a-bd7c-ca06b5d86bdb/resourceGroups/tf-rg/providers/Microsoft.Compute/virtualMachines/tf-azure-vm",
      "type": "string"
    }
  },
  "resources": [
    {
      "mode": "managed",
      "type": "azurerm_linux_virtual_machine",
      "name": "vm",
      "provider": "provider[\"registry.terraform.io/hashicorp/azurerm\"]",
      "instances": [
        {
          "schema_version": 0,
          "attributes": {
            "additional_capabilities": [],
            "admin_password": null,
            "admin_ssh_key": [
              {
                "public_key": "ssh-rsa AAAAB3NzaC1yc2EAAAADAQABAAACAQC0nSlCnIiclehGYKwH+QGRy8DEUXgoNA9PUJsjWvzLphE5+t/dYLwaLH0I7PLreTXa4kyEY4caNrhN2lC+bGEirpIU/Vn/jf427JDsG578bnmhT0fzCvTkz+KpknjKBkqet8MI0PBGYJKo5L2ayfIfBJiip0L4LOLJztAwexUy/060IEa68NiWmj1Fh6pEuBJs9c5Gf6O0FPGyNYDnI5KmlAl6X9EIkwVOxG96SVnqNBPpKzHfh41psmKD2aIYfC90JhYet/uJrFaU61wDY+ZgBBJBnOJ/Ko6F6ObITOTtUdi+jnBCTFWTUw2cTbn27Mv8eCXcKnnT30iJTNFEeul4MhZiRKoWzTOYCjDPL3oKyFcxcjCrkX9Pxvgy99Q5dqF96htsd9iTND5g2+dCIDCaqa9zVlgI5+FBTgGrlDANf1X0IxnR65zOY/uxYLqxxT8K2FJ30YWGbrkP5ZejcstvU8hnwBv3JoEWuHlZx5pnrVGqn0M7h8zZPfdNpqIN4U5l9xjsXZ8NyBNC8q0mO9u2xPqICiLbJCl8o+jVdgpBD3ff/nrXe9p36rpHehK6uc0tv6pVyH66TZNsmKStIxdQljVRDPAVlmBLGIoUHre0pueHkEudLuwGcsgV0nVu9pCWP+mIwczMpGlBR+dzhO8xmtqYbxglON3gHfPsyQO6Gw== ntanwir@Naumans-MacBook-Pro.local\n",
                "username": "azureuser"
              }
            ],
            "admin_username": "azureuser",
            "allow_extension_operations": true,
            "availability_set_id": "",
            "boot_diagnostics": [],
            "bypass_platform_safety_checks_on_user_schedule_enabled": false,
            "capacity_reservation_group_id": "",
            "computer_name": "tf-azure-vm",
            "custom_data": null,
            "dedicated_host_group_id": "",
            "dedicated_host_id": "",
            "disable_password_authentication": true,
            "disk_controller_type": "SCSI",
            "edge_zone": "",
            "encryption_at_host_enabled": false,
            "eviction_policy": "",
            "extensions_time_budget": "PT1H30M",
            "gallery_application": [],
            "id": "/subscriptions/ccd1456e-ce94-472a-bd7c-ca06b5d86bdb/resourceGroups/tf-rg/providers/Microsoft.Compute/virtualMachines/tf-azure-vm",
            "identity": [],
            "license_type": "",
            "location": "centralus",
            "max_bid_price": -1,
            "name": "tf-azure-vm",
            "network_interface_ids": [
              "/subscriptions/ccd1456e-ce94-472a-bd7c-ca06b5d86bdb/resourceGroups/tf-rg/providers/Microsoft.Network/networkInterfaces/tf-nic"
            ],
            "os_disk": [
              {
                "caching": "ReadWrite",
                "diff_disk_settings": [],
                "disk_encryption_set_id": "",
                "disk_size_gb": 30,
                "id": "/subscriptions/ccd1456e-ce94-472a-bd7c-ca06b5d86bdb/resourceGroups/tf-rg/providers/Microsoft.Compute/disks/tf-azure-vm_OsDisk_1_3b2e90b704bd4f529ef2b924d4049e57",
                "name": "tf-azure-vm_OsDisk_1_3b2e90b704bd4f529ef2b924d4049e57",
                "secure_vm_disk_encryption_set_id": "",
                "security_encryption_type": "",
                "storage_account_type": "Standard_LRS",
                "write_accelerator_enabled": false
              }
            ],
            "os_image_notification": [],
            "patch_assessment_mode": "ImageDefault",
            "patch_mode": "ImageDefault",
            "plan": [],
            "platform_fault_domain": -1,
            "priority": "Regular",
            "private_ip_address": "10.0.1.4",
            "private_ip_addresses": [
              "10.0.1.4"
            ],
            "provision_vm_agent": true,
            "proximity_placement_group_id": "",
            "public_ip_address": "172.202.24.121",
            "public_ip_addresses": [
              "172.202.24.121"
            ],
            "reboot_setting": "",
            "resource_group_name": "tf-rg",
            "secret": [],
            "secure_boot_enabled": false,
            "size": "Standard_B1s",
            "source_image_id": "",
            "source_image_reference": [
              {
                "offer": "UbuntuServer",
                "publisher": "Canonical",
                "sku": "18_04-lts-gen2",
                "version": "latest"
              }
            ],
            "tags": {},
            "termination_notification": [],
            "timeouts": null,
            "user_data": "",
            "virtual_machine_id": "12b49bd4-0085-49ed-8b72-ba29859039cf",
            "virtual_machine_scale_set_id": "",
            "vm_agent_platform_updates_enabled": false,
            "vtpm_enabled": false,
            "zone": ""
          },
          "sensitive_attributes": [
            [
              {
                "type": "get_attr",
                "value": "custom_data"
              }
            ],
            [
              {
                "type": "get_attr",
                "value": "admin_password"
              }
            ]
          ],
          "private": "eyJlMmJmYjczMC1lY2FhLTExZTYtOGY4OC0zNDM2M2JjN2M0YzAiOnsiY3JlYXRlIjoyNzAwMDAwMDAwMDAwLCJkZWxldGUiOjI3MDAwMDAwMDAwMDAsInJlYWQiOjMwMDAwMDAwMDAwMCwidXBkYXRlIjoyNzAwMDAwMDAwMDAwfX0=",
          "dependencies": [
            "azurerm_network_interface.nic",
            "azurerm_public_ip.public_ip",
            "azurerm_resource_group.rg",
            "azurerm_subnet.subnet",
            "azurerm_virtual_network.vnet"
          ]
        }
      ]
    },
    {
      "mode": "managed",
      "type": "azurerm_network_interface",
      "name": "nic",
      "provider": "provider[\"registry.terraform.io/hashicorp/azurerm\"]",
      "instances": [
        {
          "schema_version": 0,
          "attributes": {
            "accelerated_networking_enabled": false,
            "applied_dns_servers": [],
            "auxiliary_mode": "",
            "auxiliary_sku": "",
            "dns_servers": [],
            "edge_zone": "",
            "id": "/subscriptions/ccd1456e-ce94-472a-bd7c-ca06b5d86bdb/resourceGroups/tf-rg/providers/Microsoft.Network/networkInterfaces/tf-nic",
            "internal_dns_name_label": "",
            "internal_domain_name_suffix": "r1hvus1vrwuevaqkemjpj3ayna.gx.internal.cloudapp.net",
            "ip_configuration": [
              {
                "gateway_load_balancer_frontend_ip_configuration_id": "",
                "name": "internal",
                "primary": true,
                "private_ip_address": "10.0.1.4",
                "private_ip_address_allocation": "Dynamic",
                "private_ip_address_version": "IPv4",
                "public_ip_address_id": "/subscriptions/ccd1456e-ce94-472a-bd7c-ca06b5d86bdb/resourceGroups/tf-rg/providers/Microsoft.Network/publicIPAddresses/tf-public-ip",
                "subnet_id": "/subscriptions/ccd1456e-ce94-472a-bd7c-ca06b5d86bdb/resourceGroups/tf-rg/providers/Microsoft.Network/virtualNetworks/tf-vnet/subnets/tf-subnet"
              }
            ],
            "ip_forwarding_enabled": false,
            "location": "centralus",
            "mac_address": "60-45-BD-38-00-38",
            "name": "tf-nic",
            "private_ip_address": "10.0.1.4",
            "private_ip_addresses": [
              "10.0.1.4"
            ],
            "resource_group_name": "tf-rg",
            "tags": {},
            "timeouts": null,
            "virtual_machine_id": "/subscriptions/ccd1456e-ce94-472a-bd7c-ca06b5d86bdb/resourceGroups/tf-rg/providers/Microsoft.Compute/virtualMachines/tf-azure-vm"
          },
          "sensitive_attributes": [],
          "private": "eyJlMmJmYjczMC1lY2FhLTExZTYtOGY4OC0zNDM2M2JjN2M0YzAiOnsiY3JlYXRlIjoxODAwMDAwMDAwMDAwLCJkZWxldGUiOjE4MDAwMDAwMDAwMDAsInJlYWQiOjMwMDAwMDAwMDAwMCwidXBkYXRlIjoxODAwMDAwMDAwMDAwfX0=",
          "dependencies": [
            "azurerm_public_ip.public_ip",
            "azurerm_resource_group.rg",
            "azurerm_subnet.subnet",
            "azurerm_virtual_network.vnet"
          ]
        }
      ]
    },
    {
      "mode": "managed",
      "type": "azurerm_network_interface_security_group_association",
      "name": "nsg_association",
      "provider": "provider[\"registry.terraform.io/hashicorp/azurerm\"]",
      "instances": [
        {
          "schema_version": 0,
          "attributes": {
            "id": "/subscriptions/ccd1456e-ce94-472a-bd7c-ca06b5d86bdb/resourceGroups/tf-rg/providers/Microsoft.Network/networkInterfaces/tf-nic|/subscriptions/ccd1456e-ce94-472a-bd7c-ca06b5d86bdb/resourceGroups/tf-rg/providers/Microsoft.Network/networkSecurityGroups/tf-nsg",
            "network_interface_id": "/subscriptions/ccd1456e-ce94-472a-bd7c-ca06b5d86bdb/resourceGroups/tf-rg/providers/Microsoft.Network/networkInterfaces/tf-nic",
            "network_security_group_id": "/subscriptions/ccd1456e-ce94-472a-bd7c-ca06b5d86bdb/resourceGroups/tf-rg/providers/Microsoft.Network/networkSecurityGroups/tf-nsg",
            "timeouts": null
          },
          "sensitive_attributes": [],
          "private": "eyJlMmJmYjczMC1lY2FhLTExZTYtOGY4OC0zNDM2M2JjN2M0YzAiOnsiY3JlYXRlIjoxODAwMDAwMDAwMDAwLCJkZWxldGUiOjE4MDAwMDAwMDAwMDAsInJlYWQiOjMwMDAwMDAwMDAwMH19",
          "dependencies": [
            "azurerm_network_interface.nic",
            "azurerm_network_security_group.nsg",
            "azurerm_public_ip.public_ip",
            "azurerm_resource_group.rg",
            "azurerm_subnet.subnet",
            "azurerm_virtual_network.vnet"
          ]
        }
      ]
    },
    {
      "mode": "managed",
      "type": "azurerm_network_security_group",
      "name": "nsg",
      "provider": "provider[\"registry.terraform.io/hashicorp/azurerm\"]",
      "instances": [
        {
          "schema_version": 0,
          "attributes": {
            "id": "/subscriptions/ccd1456e-ce94-472a-bd7c-ca06b5d86bdb/resourceGroups/tf-rg/providers/Microsoft.Network/networkSecurityGroups/tf-nsg",
            "location": "centralus",
            "name": "tf-nsg",
            "resource_group_name": "tf-rg",
            "security_rule": [
              {
                "access": "Allow",
                "description": "",
                "destination_address_prefix": "*",
                "destination_address_prefixes": [],
                "destination_application_security_group_ids": [],
                "destination_port_range": "22",
                "destination_port_ranges": [],
                "direction": "Inbound",
                "name": "SSH",
                "priority": 1001,
                "protocol": "Tcp",
                "source_address_prefix": "*",
                "source_address_prefixes": [],
                "source_application_security_group_ids": [],
                "source_port_range": "*",
                "source_port_ranges": []
              }
            ],
            "tags": null,
            "timeouts": null
          },
          "sensitive_attributes": [],
          "private": "eyJlMmJmYjczMC1lY2FhLTExZTYtOGY4OC0zNDM2M2JjN2M0YzAiOnsiY3JlYXRlIjoxODAwMDAwMDAwMDAwLCJkZWxldGUiOjE4MDAwMDAwMDAwMDAsInJlYWQiOjMwMDAwMDAwMDAwMCwidXBkYXRlIjoxODAwMDAwMDAwMDAwfX0=",
          "dependencies": [
            "azurerm_resource_group.rg"
          ]
        }
      ]
    },
    {
      "mode": "managed",
      "type": "azurerm_public_ip",
      "name": "public_ip",
      "provider": "provider[\"registry.terraform.io/hashicorp/azurerm\"]",
      "instances": [
        {
          "schema_version": 0,
          "attributes": {
            "allocation_method": "Static",
            "ddos_protection_mode": "VirtualNetworkInherited",
            "ddos_protection_plan_id": null,
            "domain_name_label": null,
            "domain_name_label_scope": null,
            "edge_zone": "",
            "fqdn": null,
            "id": "/subscriptions/ccd1456e-ce94-472a-bd7c-ca06b5d86bdb/resourceGroups/tf-rg/providers/Microsoft.Network/publicIPAddresses/tf-public-ip",
            "idle_timeout_in_minutes": 4,
            "ip_address": "172.202.24.121",
            "ip_tags": {},
            "ip_version": "IPv4",
            "location": "centralus",
            "name": "tf-public-ip",
            "public_ip_prefix_id": null,
            "resource_group_name": "tf-rg",
            "reverse_fqdn": null,
            "sku": "Standard",
            "sku_tier": "Regional",
            "tags": {},
            "timeouts": null,
            "zones": []
          },
          "sensitive_attributes": [],
          "private": "eyJlMmJmYjczMC1lY2FhLTExZTYtOGY4OC0zNDM2M2JjN2M0YzAiOnsiY3JlYXRlIjoxODAwMDAwMDAwMDAwLCJkZWxldGUiOjE4MDAwMDAwMDAwMDAsInJlYWQiOjMwMDAwMDAwMDAwMCwidXBkYXRlIjoxODAwMDAwMDAwMDAwfX0=",
          "dependencies": [
            "azurerm_resource_group.rg"
          ]
        }
      ]
    },
    {
      "mode": "managed",
      "type": "azurerm_resource_group",
      "name": "rg",
      "provider": "provider[\"registry.terraform.io/hashicorp/azurerm\"]",
      "instances": [
        {
          "schema_version": 0,
          "attributes": {
            "id": "/subscriptions/ccd1456e-ce94-472a-bd7c-ca06b5d86bdb/resourceGroups/tf-rg",
            "location": "centralus",
            "managed_by": "",
            "name": "tf-rg",
            "tags": {},
            "timeouts": null
          },
          "sensitive_attributes": [],
          "private": "eyJlMmJmYjczMC1lY2FhLTExZTYtOGY4OC0zNDM2M2JjN2M0YzAiOnsiY3JlYXRlIjo1NDAwMDAwMDAwMDAwLCJkZWxldGUiOjU0MDAwMDAwMDAwMDAsInJlYWQiOjMwMDAwMDAwMDAwMCwidXBkYXRlIjo1NDAwMDAwMDAwMDAwfX0="
        }
      ]
    },
    {
      "mode": "managed",
      "type": "azurerm_subnet",
      "name": "subnet",
      "provider": "provider[\"registry.terraform.io/hashicorp/azurerm\"]",
      "instances": [
        {
          "schema_version": 0,
          "attributes": {
            "address_prefixes": [
              "10.0.1.0/24"
            ],
            "default_outbound_access_enabled": true,
            "delegation": [],
            "id": "/subscriptions/ccd1456e-ce94-472a-bd7c-ca06b5d86bdb/resourceGroups/tf-rg/providers/Microsoft.Network/virtualNetworks/tf-vnet/subnets/tf-subnet",
            "name": "tf-subnet",
            "private_endpoint_network_policies": "Disabled",
            "private_link_service_network_policies_enabled": true,
            "resource_group_name": "tf-rg",
            "service_endpoint_policy_ids": [],
            "service_endpoints": [],
            "timeouts": null,
            "virtual_network_name": "tf-vnet"
          },
          "sensitive_attributes": [],
          "private": "eyJlMmJmYjczMC1lY2FhLTExZTYtOGY4OC0zNDM2M2JjN2M0YzAiOnsiY3JlYXRlIjoxODAwMDAwMDAwMDAwLCJkZWxldGUiOjE4MDAwMDAwMDAwMDAsInJlYWQiOjMwMDAwMDAwMDAwMCwidXBkYXRlIjoxODAwMDAwMDAwMDAwfX0=",
          "dependencies": [
            "azurerm_resource_group.rg",
            "azurerm_virtual_network.vnet"
          ]
        }
      ]
    },
    {
      "mode": "managed",
      "type": "azurerm_virtual_network",
      "name": "vnet",
      "provider": "provider[\"registry.terraform.io/hashicorp/azurerm\"]",
      "instances": [
        {
          "schema_version": 0,
          "attributes": {
            "address_space": [
              "10.0.0.0/16"
            ],
            "bgp_community": "",
            "ddos_protection_plan": [],
            "dns_servers": [],
            "edge_zone": "",
            "encryption": [],
            "flow_timeout_in_minutes": 0,
            "guid": "4b5acf8e-8d75-4aa8-820a-2312f4f41868",
            "id": "/subscriptions/ccd1456e-ce94-472a-bd7c-ca06b5d86bdb/resourceGroups/tf-rg/providers/Microsoft.Network/virtualNetworks/tf-vnet",
            "location": "centralus",
            "name": "tf-vnet",
            "private_endpoint_vnet_policies": "Disabled",
            "resource_group_name": "tf-rg",
            "subnet": [
              {
                "address_prefixes": [
                  "10.0.1.0/24"
                ],
                "default_outbound_access_enabled": true,
                "delegation": [],
                "id": "/subscriptions/ccd1456e-ce94-472a-bd7c-ca06b5d86bdb/resourceGroups/tf-rg/providers/Microsoft.Network/virtualNetworks/tf-vnet/subnets/tf-subnet",
                "name": "tf-subnet",
                "private_endpoint_network_policies": "Disabled",
                "private_link_service_network_policies_enabled": true,
                "route_table_id": "",
                "security_group": "",
                "service_endpoint_policy_ids": [],
                "service_endpoints": []
              }
            ],
            "tags": {},
            "timeouts": null
          },
          "sensitive_attributes": [],
          "private": "eyJlMmJmYjczMC1lY2FhLTExZTYtOGY4OC0zNDM2M2JjN2M0YzAiOnsiY3JlYXRlIjoxODAwMDAwMDAwMDAwLCJkZWxldGUiOjE4MDAwMDAwMDAwMDAsInJlYWQiOjMwMDAwMDAwMDAwMCwidXBkYXRlIjoxODAwMDAwMDAwMDAwfX0=",
          "dependencies": [
            "azurerm_resource_group.rg"
          ]
        }
      ]
    }
  ],
  "check_results": null
}
